{
  "name": "cozybnb",
  "version": "1.0.0",
  "lockfileVersion": 2,
  "requires": true,
  "packages": {
    "": {
      "name": "cozybnb",
      "version": "1.0.0",
      "license": "ISC",
      "dependencies": {
        "@googlemaps/react-wrapper": "^1.1.35",
        "@react-google-maps/api": "^2.13.1",
        "nouislider": "^15.6.1",
        "nouislider-react": "^3.4.1"
      },
      "engines": {
        "node": "16.x"
      }
    },
    "node_modules/@googlemaps/js-api-loader": {
      "version": "1.14.3",
      "resolved": "https://registry.npmjs.org/@googlemaps/js-api-loader/-/js-api-loader-1.14.3.tgz",
      "integrity": "sha512-6iIb+qpGgQpgIHmIFO44WhE1rDUxPVHuezNFL30wRJnkvhwFm94tD291UvNg9L05hLDSoL16jd0lbqqmdy4C5g==",
      "dependencies": {
        "fast-deep-equal": "^3.1.3"
      }
    },
    "node_modules/@googlemaps/markerclusterer": {
      "version": "2.0.10",
      "resolved": "https://registry.npmjs.org/@googlemaps/markerclusterer/-/markerclusterer-2.0.10.tgz",
      "integrity": "sha512-3UdPE2XH+DkFRTWIxEOcKdTqb3O9dMMxBn5jlhSae//uBGPqv9iHv9dz4l6/0Mwt7YcYmkwSpQZMc61WvZI/Qg==",
      "dependencies": {
        "fast-deep-equal": "^3.1.3",
        "supercluster": "^7.1.3"
      }
    },
    "node_modules/@googlemaps/react-wrapper": {
      "version": "1.1.35",
      "resolved": "https://registry.npmjs.org/@googlemaps/react-wrapper/-/react-wrapper-1.1.35.tgz",
      "integrity": "sha512-vK+BDQMHN0Oqr66cW3ZPWVK43BUmJJBu6P8T74tc6/fKpUJUlFEaZsupgIIRRRDW9ejB8uGagUmwOnA2gdcvbw==",
      "dependencies": {
        "@googlemaps/js-api-loader": "^1.13.2"
      },
      "peerDependencies": {
        "react": ">=16.8.0"
      }
    },
    "node_modules/@react-google-maps/api": {
      "version": "2.13.1",
      "resolved": "https://registry.npmjs.org/@react-google-maps/api/-/api-2.13.1.tgz",
      "integrity": "sha512-5P8H3GJpCy9th5u6OUzw36WD5NUAl3hDmcPDaVvowRb9Cn2Zf7b1wLCZ4If+k+gX4o2apsSjD+JtWiRogLOMdQ==",
      "dependencies": {
        "@googlemaps/js-api-loader": "1.14.3",
        "@googlemaps/markerclusterer": "2.0.10",
        "@react-google-maps/infobox": "2.11.8",
        "@react-google-maps/marker-clusterer": "2.11.8",
        "@types/google.maps": "3.49.2",
        "invariant": "2.2.4"
      },
      "peerDependencies": {
        "react": "^16.8 || ^17 || ^18",
        "react-dom": "^16.8 || ^17 || ^18"
      }
    },
    "node_modules/@react-google-maps/infobox": {
      "version": "2.11.8",
      "resolved": "https://registry.npmjs.org/@react-google-maps/infobox/-/infobox-2.11.8.tgz",
      "integrity": "sha512-15y3dniys1Op5HREyLwiJI2pAdeeHRJT5b4WPrS+vyL5KF6iXK1P3y/9bXtnxHiKe2v6iPreaEhR3VgvfRA50Q=="
    },
    "node_modules/@react-google-maps/marker-clusterer": {
      "version": "2.11.8",
      "resolved": "https://registry.npmjs.org/@react-google-maps/marker-clusterer/-/marker-clusterer-2.11.8.tgz",
      "integrity": "sha512-OEcdbTXEgPwdpGvVuSrhIhjcZPhlzPz2TvaKCBLraf1PKiDyLOPhlTVRlbIziLiu0xN89pJcill1w9UVIVFF+Q=="
    },
    "node_modules/@types/google.maps": {
      "version": "3.49.2",
      "resolved": "https://registry.npmjs.org/@types/google.maps/-/google.maps-3.49.2.tgz",
      "integrity": "sha512-ZO1qWciukqED9qcUNW7OaPXWnTlT+tO3WcYkmudZyQW2BqD7TlMFRrdqSCoqfwKhERCwBA5A/YZt/g5A3BqgLQ=="
    },
    "node_modules/fast-deep-equal": {
      "version": "3.1.3",
      "resolved": "https://registry.npmjs.org/fast-deep-equal/-/fast-deep-equal-3.1.3.tgz",
      "integrity": "sha512-f3qQ9oQy9j2AhBe/H9VC91wLmKBCCU/gDOnKNAYG5hswO7BLKj09Hc5HYNz9cGI++xlpDCIgDaitVs03ATR84Q=="
    },
    "node_modules/invariant": {
      "version": "2.2.4",
      "resolved": "https://registry.npmjs.org/invariant/-/invariant-2.2.4.tgz",
      "integrity": "sha512-phJfQVBuaJM5raOpJjSfkiD6BpbCE4Ns//LaXl6wGYtUBY83nWS6Rf9tXm2e8VaK60JEjYldbPif/A2B1C2gNA==",
      "dependencies": {
        "loose-envify": "^1.0.0"
      }
    },
    "node_modules/js-tokens": {
      "version": "4.0.0",
      "resolved": "https://registry.npmjs.org/js-tokens/-/js-tokens-4.0.0.tgz",
      "integrity": "sha512-RdJUflcE3cUzKiMqQgsCu06FPu9UdIJO0beYbPhHN4k6apgJtifcoCtT9bcxOpYBtpD2kCM6Sbzg4CausW/PKQ=="
    },
    "node_modules/kdbush": {
      "version": "3.0.0",
      "resolved": "https://registry.npmjs.org/kdbush/-/kdbush-3.0.0.tgz",
      "integrity": "sha512-hRkd6/XW4HTsA9vjVpY9tuXJYLSlelnkTmVFu4M9/7MIYQtFcHpbugAU7UbOfjOiVSVYl2fqgBuJ32JUmRo5Ew=="
    },
    "node_modules/loose-envify": {
      "version": "1.4.0",
      "resolved": "https://registry.npmjs.org/loose-envify/-/loose-envify-1.4.0.tgz",
      "integrity": "sha512-lyuxPGr/Wfhrlem2CL/UcnUc1zcqKAImBDzukY7Y5F/yQiNdko6+fRLevlw1HgMySw7f611UIY408EtxRSoK3Q==",
      "dependencies": {
        "js-tokens": "^3.0.0 || ^4.0.0"
      },
      "bin": {
        "loose-envify": "cli.js"
      }
    },
    "node_modules/nouislider": {
      "version": "15.6.1",
      "resolved": "https://registry.npmjs.org/nouislider/-/nouislider-15.6.1.tgz",
      "integrity": "sha512-1T5AfeEMGrGM87UJ+qAHvauPfCe/woOjYV/o29fp21+XgGuGpkM1Udo7mPHnidu4+cxlj35rDBWKiA6Mefemrg=="
    },
    "node_modules/nouislider-react": {
      "version": "3.4.1",
      "resolved": "https://registry.npmjs.org/nouislider-react/-/nouislider-react-3.4.1.tgz",
      "integrity": "sha512-ryVbcApz6sELqPPiWwEOq5pkwhHYoNSxmGpP/HXHptpB6A6XedMrM/BP5W/rHRtBBaFK7vJTCTTma6gKviEiNg==",
      "dependencies": {
        "nouislider": "^14.6.3"
      },
      "peerDependencies": {
        "nouislider": ">= 11.x",
        "react": ">= 16.8.x"
      }
    },
    "node_modules/nouislider-react/node_modules/nouislider": {
      "version": "14.7.0",
      "resolved": "https://registry.npmjs.org/nouislider/-/nouislider-14.7.0.tgz",
      "integrity": "sha512-4RtQ1+LHJKesDCNJrXkQcwXAWCrC2aggdLYMstS/G5fEWL+fXZbUA9pwVNHFghMGuFGRATlDLNInRaPeRKzpFQ=="
    },
    "node_modules/react": {
      "version": "18.2.0",
      "resolved": "https://registry.npmjs.org/react/-/react-18.2.0.tgz",
      "integrity": "sha512-/3IjMdb2L9QbBdWiW5e3P2/npwMBaU9mHCSCUzNln0ZCYbcfTsGbTJrU/kGemdH2IWmB2ioZ+zkxtmq6g09fGQ==",
      "peer": true,
      "dependencies": {
        "loose-envify": "^1.1.0"
      },
      "engines": {
        "node": ">=0.10.0"
      }
    },
    "node_modules/react-dom": {
      "version": "18.2.0",
      "resolved": "https://registry.npmjs.org/react-dom/-/react-dom-18.2.0.tgz",
      "integrity": "sha512-6IMTriUmvsjHUjNtEDudZfuDQUoWXVxKHhlEGSk81n4YFS+r/Kl99wXiwlVXtPBtJenozv2P+hxDsw9eA7Xo6g==",
      "peer": true,
      "dependencies": {
        "loose-envify": "^1.1.0",
        "scheduler": "^0.23.0"
      },
      "peerDependencies": {
        "react": "^18.2.0"
      }
    },
    "node_modules/scheduler": {
      "version": "0.23.0",
      "resolved": "https://registry.npmjs.org/scheduler/-/scheduler-0.23.0.tgz",
      "integrity": "sha512-CtuThmgHNg7zIZWAXi3AsyIzA3n4xx7aNyjwC2VJldO2LMVDhFK+63xGqq6CsJH4rTAt6/M+N4GhZiDYPx9eUw==",
      "peer": true,
      "dependencies": {
        "loose-envify": "^1.1.0"
      }
    },
    "node_modules/supercluster": {
      "version": "7.1.5",
      "resolved": "https://registry.npmjs.org/supercluster/-/supercluster-7.1.5.tgz",
      "integrity": "sha512-EulshI3pGUM66o6ZdH3ReiFcvHpM3vAigyK+vcxdjpJyEbIIrtbmBdY23mGgnI24uXiGFvrGq9Gkum/8U7vJWg==",
      "dependencies": {
        "kdbush": "^3.0.0"
      }
    }
  },
  "dependencies": {
    "@googlemaps/js-api-loader": {
      "version": "1.14.3",
      "resolved": "https://registry.npmjs.org/@googlemaps/js-api-loader/-/js-api-loader-1.14.3.tgz",
      "integrity": "sha512-6iIb+qpGgQpgIHmIFO44WhE1rDUxPVHuezNFL30wRJnkvhwFm94tD291UvNg9L05hLDSoL16jd0lbqqmdy4C5g==",
      "requires": {
        "fast-deep-equal": "^3.1.3"
      }
    },
    "@googlemaps/markerclusterer": {
      "version": "2.0.10",
      "resolved": "https://registry.npmjs.org/@googlemaps/markerclusterer/-/markerclusterer-2.0.10.tgz",
      "integrity": "sha512-3UdPE2XH+DkFRTWIxEOcKdTqb3O9dMMxBn5jlhSae//uBGPqv9iHv9dz4l6/0Mwt7YcYmkwSpQZMc61WvZI/Qg==",
      "requires": {
        "fast-deep-equal": "^3.1.3",
        "supercluster": "^7.1.3"
      }
    },
    "@googlemaps/react-wrapper": {
      "version": "1.1.35",
      "resolved": "https://registry.npmjs.org/@googlemaps/react-wrapper/-/react-wrapper-1.1.35.tgz",
      "integrity": "sha512-vK+BDQMHN0Oqr66cW3ZPWVK43BUmJJBu6P8T74tc6/fKpUJUlFEaZsupgIIRRRDW9ejB8uGagUmwOnA2gdcvbw==",
      "requires": {
        "@googlemaps/js-api-loader": "^1.13.2"
      }
    },
    "@react-google-maps/api": {
      "version": "2.13.1",
      "resolved": "https://registry.npmjs.org/@react-google-maps/api/-/api-2.13.1.tgz",
      "integrity": "sha512-5P8H3GJpCy9th5u6OUzw36WD5NUAl3hDmcPDaVvowRb9Cn2Zf7b1wLCZ4If+k+gX4o2apsSjD+JtWiRogLOMdQ==",
      "requires": {
        "@googlemaps/js-api-loader": "1.14.3",
        "@googlemaps/markerclusterer": "2.0.10",
        "@react-google-maps/infobox": "2.11.8",
        "@react-google-maps/marker-clusterer": "2.11.8",
        "@types/google.maps": "3.49.2",
        "invariant": "2.2.4"
      }
    },
    "@react-google-maps/infobox": {
      "version": "2.11.8",
      "resolved": "https://registry.npmjs.org/@react-google-maps/infobox/-/infobox-2.11.8.tgz",
      "integrity": "sha512-15y3dniys1Op5HREyLwiJI2pAdeeHRJT5b4WPrS+vyL5KF6iXK1P3y/9bXtnxHiKe2v6iPreaEhR3VgvfRA50Q=="
    },
    "@react-google-maps/marker-clusterer": {
      "version": "2.11.8",
      "resolved": "https://registry.npmjs.org/@react-google-maps/marker-clusterer/-/marker-clusterer-2.11.8.tgz",
      "integrity": "sha512-OEcdbTXEgPwdpGvVuSrhIhjcZPhlzPz2TvaKCBLraf1PKiDyLOPhlTVRlbIziLiu0xN89pJcill1w9UVIVFF+Q=="
    },
    "@types/google.maps": {
      "version": "3.49.2",
      "resolved": "https://registry.npmjs.org/@types/google.maps/-/google.maps-3.49.2.tgz",
      "integrity": "sha512-ZO1qWciukqED9qcUNW7OaPXWnTlT+tO3WcYkmudZyQW2BqD7TlMFRrdqSCoqfwKhERCwBA5A/YZt/g5A3BqgLQ=="
    },
    "fast-deep-equal": {
      "version": "3.1.3",
      "resolved": "https://registry.npmjs.org/fast-deep-equal/-/fast-deep-equal-3.1.3.tgz",
      "integrity": "sha512-f3qQ9oQy9j2AhBe/H9VC91wLmKBCCU/gDOnKNAYG5hswO7BLKj09Hc5HYNz9cGI++xlpDCIgDaitVs03ATR84Q=="
    },
    "invariant": {
      "version": "2.2.4",
      "resolved": "https://registry.npmjs.org/invariant/-/invariant-2.2.4.tgz",
      "integrity": "sha512-phJfQVBuaJM5raOpJjSfkiD6BpbCE4Ns//LaXl6wGYtUBY83nWS6Rf9tXm2e8VaK60JEjYldbPif/A2B1C2gNA==",
      "requires": {
        "loose-envify": "^1.0.0"
      }
    },
    "js-tokens": {
      "version": "4.0.0",
      "resolved": "https://registry.npmjs.org/js-tokens/-/js-tokens-4.0.0.tgz",
      "integrity": "sha512-RdJUflcE3cUzKiMqQgsCu06FPu9UdIJO0beYbPhHN4k6apgJtifcoCtT9bcxOpYBtpD2kCM6Sbzg4CausW/PKQ=="
    },
    "kdbush": {
      "version": "3.0.0",
      "resolved": "https://registry.npmjs.org/kdbush/-/kdbush-3.0.0.tgz",
      "integrity": "sha512-hRkd6/XW4HTsA9vjVpY9tuXJYLSlelnkTmVFu4M9/7MIYQtFcHpbugAU7UbOfjOiVSVYl2fqgBuJ32JUmRo5Ew=="
    },
    "loose-envify": {
      "version": "1.4.0",
      "resolved": "https://registry.npmjs.org/loose-envify/-/loose-envify-1.4.0.tgz",
      "integrity": "sha512-lyuxPGr/Wfhrlem2CL/UcnUc1zcqKAImBDzukY7Y5F/yQiNdko6+fRLevlw1HgMySw7f611UIY408EtxRSoK3Q==",
      "requires": {
        "js-tokens": "^3.0.0 || ^4.0.0"
      }
    },
    "nouislider": {
      "version": "15.6.1",
      "resolved": "https://registry.npmjs.org/nouislider/-/nouislider-15.6.1.tgz",
      "integrity": "sha512-1T5AfeEMGrGM87UJ+qAHvauPfCe/woOjYV/o29fp21+XgGuGpkM1Udo7mPHnidu4+cxlj35rDBWKiA6Mefemrg=="
    },
    "nouislider-react": {
      "version": "3.4.1",
      "resolved": "https://registry.npmjs.org/nouislider-react/-/nouislider-react-3.4.1.tgz",
      "integrity": "sha512-ryVbcApz6sELqPPiWwEOq5pkwhHYoNSxmGpP/HXHptpB6A6XedMrM/BP5W/rHRtBBaFK7vJTCTTma6gKviEiNg==",
      "requires": {
        "nouislider": "^14.6.3"
      },
      "dependencies": {
        "nouislider": {
          "version": "14.7.0",
          "resolved": "https://registry.npmjs.org/nouislider/-/nouislider-14.7.0.tgz",
          "integrity": "sha512-4RtQ1+LHJKesDCNJrXkQcwXAWCrC2aggdLYMstS/G5fEWL+fXZbUA9pwVNHFghMGuFGRATlDLNInRaPeRKzpFQ=="
        }
      }
    },
    "react": {
      "version": "18.2.0",
      "resolved": "https://registry.npmjs.org/react/-/react-18.2.0.tgz",
      "integrity": "sha512-/3IjMdb2L9QbBdWiW5e3P2/npwMBaU9mHCSCUzNln0ZCYbcfTsGbTJrU/kGemdH2IWmB2ioZ+zkxtmq6g09fGQ==",
      "peer": true,
      "requires": {
        "loose-envify": "^1.1.0"
      }
    },
    "react-dom": {
      "version": "18.2.0",
      "resolved": "https://registry.npmjs.org/react-dom/-/react-dom-18.2.0.tgz",
      "integrity": "sha512-6IMTriUmvsjHUjNtEDudZfuDQUoWXVxKHhlEGSk81n4YFS+r/Kl99wXiwlVXtPBtJenozv2P+hxDsw9eA7Xo6g==",
      "peer": true,
      "requires": {
        "loose-envify": "^1.1.0",
        "scheduler": "^0.23.0"
      }
    },
    "scheduler": {
      "version": "0.23.0",
      "resolved": "https://registry.npmjs.org/scheduler/-/scheduler-0.23.0.tgz",
      "integrity": "sha512-CtuThmgHNg7zIZWAXi3AsyIzA3n4xx7aNyjwC2VJldO2LMVDhFK+63xGqq6CsJH4rTAt6/M+N4GhZiDYPx9eUw==",
      "peer": true,
      "requires": {
        "loose-envify": "^1.1.0"
      }
    },
    "supercluster": {
      "version": "7.1.5",
      "resolved": "https://registry.npmjs.org/supercluster/-/supercluster-7.1.5.tgz",
      "integrity": "sha512-EulshI3pGUM66o6ZdH3ReiFcvHpM3vAigyK+vcxdjpJyEbIIrtbmBdY23mGgnI24uXiGFvrGq9Gkum/8U7vJWg==",
      "requires": {
        "kdbush": "^3.0.0"
      }
    }
  }
}
